// !$*UTF8*$!
{
	archiveVersion = 1;
	classes = {
	};
	objectVersion = 48;
	objects = {

/* Begin PBXBuildFile section */
		81136DAF20247FAB001B203C /* JLRecorderManager.m in Sources */ = {isa = PBXBuildFile; fileRef = 81136DAE20247FAB001B203C /* JLRecorderManager.m */; };
		817417982024098F002423D3 /* AppDelegate.m in Sources */ = {isa = PBXBuildFile; fileRef = 817417972024098F002423D3 /* AppDelegate.m */; };
		8174179B2024098F002423D3 /* ViewController.m in Sources */ = {isa = PBXBuildFile; fileRef = 8174179A2024098F002423D3 /* ViewController.m */; };
		8174179E2024098F002423D3 /* Main.storyboard in Resources */ = {isa = PBXBuildFile; fileRef = 8174179C2024098F002423D3 /* Main.storyboard */; };
		817417A02024098F002423D3 /* Assets.xcassets in Resources */ = {isa = PBXBuildFile; fileRef = 8174179F2024098F002423D3 /* Assets.xcassets */; };
		817417A32024098F002423D3 /* LaunchScreen.storyboard in Resources */ = {isa = PBXBuildFile; fileRef = 817417A12024098F002423D3 /* LaunchScreen.storyboard */; };
		817417A62024098F002423D3 /* main.m in Sources */ = {isa = PBXBuildFile; fileRef = 817417A52024098F002423D3 /* main.m */; };
		817417B320240F91002423D3 /* JLCaptureUtilities.m in Sources */ = {isa = PBXBuildFile; fileRef = 817417AD20240F90002423D3 /* JLCaptureUtilities.m */; };
		817417B420240F91002423D3 /* JLScreenRecorder.m in Sources */ = {isa = PBXBuildFile; fileRef = 817417AE20240F90002423D3 /* JLScreenRecorder.m */; };
		817417B520240F91002423D3 /* JLAudioRecord.m in Sources */ = {isa = PBXBuildFile; fileRef = 817417B120240F90002423D3 /* JLAudioRecord.m */; };
		817417B820240FA1002423D3 /* OpenGLView.m in Sources */ = {isa = PBXBuildFile; fileRef = 817417B720240FA1002423D3 /* OpenGLView.m */; };
		817417BF2024128D002423D3 /* HiARCapture.m in Sources */ = {isa = PBXBuildFile; fileRef = 817417BE2024128D002423D3 /* HiARCapture.m */; };
		817417C220241BD1002423D3 /* UIView+UIView___Extension.m in Sources */ = {isa = PBXBuildFile; fileRef = 817417C020241BD1002423D3 /* UIView+UIView___Extension.m */; };
		817417D320244A99002423D3 /* glViewController.m in Sources */ = {isa = PBXBuildFile; fileRef = 817417CE20244A98002423D3 /* glViewController.m */; };
		817417D420244A99002423D3 /* vertex.vsh in Resources */ = {isa = PBXBuildFile; fileRef = 817417CF20244A98002423D3 /* vertex.vsh */; };
		817417D520244A99002423D3 /* AGLKVertexAttribArrayBuffer.m in Sources */ = {isa = PBXBuildFile; fileRef = 817417D020244A98002423D3 /* AGLKVertexAttribArrayBuffer.m */; };
		817417D620244A99002423D3 /* fragment.fsh in Resources */ = {isa = PBXBuildFile; fileRef = 817417D220244A98002423D3 /* fragment.fsh */; };
		817417D820245124002423D3 /* README.md in Resources */ = {isa = PBXBuildFile; fileRef = 817417D720245123002423D3 /* README.md */; };
/* End PBXBuildFile section */

/* Begin PBXFileReference section */
		81136DAD20247FAB001B203C /* JLRecorderManager.h */ = {isa = PBXFileReference; lastKnownFileType = sourcecode.c.h; path = JLRecorderManager.h; sourceTree = "<group>"; };
		81136DAE20247FAB001B203C /* JLRecorderManager.m */ = {isa = PBXFileReference; lastKnownFileType = sourcecode.c.objc; path = JLRecorderManager.m; sourceTree = "<group>"; };
		817417932024098F002423D3 /* JLScreenRecordDemo.app */ = {isa = PBXFileReference; explicitFileType = wrapper.application; includeInIndex = 0; path = JLScreenRecordDemo.app; sourceTree = BUILT_PRODUCTS_DIR; };
		817417962024098F002423D3 /* AppDelegate.h */ = {isa = PBXFileReference; lastKnownFileType = sourcecode.c.h; path = AppDelegate.h; sourceTree = "<group>"; };
		817417972024098F002423D3 /* AppDelegate.m */ = {isa = PBXFileReference; lastKnownFileType = sourcecode.c.objc; path = AppDelegate.m; sourceTree = "<group>"; };
		817417992024098F002423D3 /* ViewController.h */ = {isa = PBXFileReference; lastKnownFileType = sourcecode.c.h; path = ViewController.h; sourceTree = "<group>"; };
		8174179A2024098F002423D3 /* ViewController.m */ = {isa = PBXFileReference; lastKnownFileType = sourcecode.c.objc; path = ViewController.m; sourceTree = "<group>"; };
		8174179D2024098F002423D3 /* Base */ = {isa = PBXFileReference; lastKnownFileType = file.storyboard; name = Base; path = Base.lproj/Main.storyboard; sourceTree = "<group>"; };
		8174179F2024098F002423D3 /* Assets.xcassets */ = {isa = PBXFileReference; lastKnownFileType = folder.assetcatalog; path = Assets.xcassets; sourceTree = "<group>"; };
		817417A22024098F002423D3 /* Base */ = {isa = PBXFileReference; lastKnownFileType = file.storyboard; name = Base; path = Base.lproj/LaunchScreen.storyboard; sourceTree = "<group>"; };
		817417A42024098F002423D3 /* Info.plist */ = {isa = PBXFileReference; lastKnownFileType = text.plist.xml; path = Info.plist; sourceTree = "<group>"; };
		817417A52024098F002423D3 /* main.m */ = {isa = PBXFileReference; lastKnownFileType = sourcecode.c.objc; path = main.m; sourceTree = "<group>"; };
		817417AD20240F90002423D3 /* JLCaptureUtilities.m */ = {isa = PBXFileReference; fileEncoding = 4; lastKnownFileType = sourcecode.c.objc; path = JLCaptureUtilities.m; sourceTree = "<group>"; };
		817417AE20240F90002423D3 /* JLScreenRecorder.m */ = {isa = PBXFileReference; fileEncoding = 4; lastKnownFileType = sourcecode.c.objc; path = JLScreenRecorder.m; sourceTree = "<group>"; };
		817417AF20240F90002423D3 /* JLScreenRecorder.h */ = {isa = PBXFileReference; fileEncoding = 4; lastKnownFileType = sourcecode.c.h; path = JLScreenRecorder.h; sourceTree = "<group>"; };
		817417B020240F90002423D3 /* JLCaptureUtilities.h */ = {isa = PBXFileReference; fileEncoding = 4; lastKnownFileType = sourcecode.c.h; path = JLCaptureUtilities.h; sourceTree = "<group>"; };
		817417B120240F90002423D3 /* JLAudioRecord.m */ = {isa = PBXFileReference; fileEncoding = 4; lastKnownFileType = sourcecode.c.objc; path = JLAudioRecord.m; sourceTree = "<group>"; };
		817417B220240F91002423D3 /* JLAudioRecord.h */ = {isa = PBXFileReference; fileEncoding = 4; lastKnownFileType = sourcecode.c.h; path = JLAudioRecord.h; sourceTree = "<group>"; };
		817417B620240FA1002423D3 /* OpenGLView.h */ = {isa = PBXFileReference; fileEncoding = 4; lastKnownFileType = sourcecode.c.h; path = OpenGLView.h; sourceTree = "<group>"; };
		817417B720240FA1002423D3 /* OpenGLView.m */ = {isa = PBXFileReference; fileEncoding = 4; lastKnownFileType = sourcecode.c.objc; path = OpenGLView.m; sourceTree = "<group>"; };
		817417BD2024128C002423D3 /* HiARCapture.h */ = {isa = PBXFileReference; fileEncoding = 4; lastKnownFileType = sourcecode.c.h; path = HiARCapture.h; sourceTree = "<group>"; };
		817417BE2024128D002423D3 /* HiARCapture.m */ = {isa = PBXFileReference; fileEncoding = 4; lastKnownFileType = sourcecode.c.objc; path = HiARCapture.m; sourceTree = "<group>"; };
		817417C020241BD1002423D3 /* UIView+UIView___Extension.m */ = {isa = PBXFileReference; fileEncoding = 4; lastKnownFileType = sourcecode.c.objc; path = "UIView+UIView___Extension.m"; sourceTree = "<group>"; };
		817417C120241BD1002423D3 /* UIView+UIView___Extension.h */ = {isa = PBXFileReference; fileEncoding = 4; lastKnownFileType = sourcecode.c.h; path = "UIView+UIView___Extension.h"; sourceTree = "<group>"; };
		817417CD20244A97002423D3 /* AGLKVertexAttribArrayBuffer.h */ = {isa = PBXFileReference; fileEncoding = 4; lastKnownFileType = sourcecode.c.h; path = AGLKVertexAttribArrayBuffer.h; sourceTree = "<group>"; };
		817417CE20244A98002423D3 /* glViewController.m */ = {isa = PBXFileReference; fileEncoding = 4; lastKnownFileType = sourcecode.c.objc; name = glViewController.m; path = "../../../../Downloads/OpenGLES_DEMO-master/deleteLater——openGLES/glViewController.m"; sourceTree = "<group>"; };
		817417CF20244A98002423D3 /* vertex.vsh */ = {isa = PBXFileReference; fileEncoding = 4; lastKnownFileType = sourcecode.glsl; path = vertex.vsh; sourceTree = "<group>"; };
		817417D020244A98002423D3 /* AGLKVertexAttribArrayBuffer.m */ = {isa = PBXFileReference; fileEncoding = 4; lastKnownFileType = sourcecode.c.objc; path = AGLKVertexAttribArrayBuffer.m; sourceTree = "<group>"; };
		817417D120244A98002423D3 /* glViewController.h */ = {isa = PBXFileReference; fileEncoding = 4; lastKnownFileType = sourcecode.c.h; name = glViewController.h; path = "../../../../Downloads/OpenGLES_DEMO-master/deleteLater——openGLES/glViewController.h"; sourceTree = "<group>"; };
		817417D220244A98002423D3 /* fragment.fsh */ = {isa = PBXFileReference; fileEncoding = 4; lastKnownFileType = sourcecode.glsl; path = fragment.fsh; sourceTree = "<group>"; };
		817417D720245123002423D3 /* README.md */ = {isa = PBXFileReference; fileEncoding = 4; lastKnownFileType = net.daringfireball.markdown; name = README.md; path = ../../README.md; sourceTree = "<group>"; };
/* End PBXFileReference section */

/* Begin PBXFrameworksBuildPhase section */
		817417902024098F002423D3 /* Frameworks */ = {
			isa = PBXFrameworksBuildPhase;
			buildActionMask = 2147483647;
			files = (
			);
			runOnlyForDeploymentPostprocessing = 0;
		};
/* End PBXFrameworksBuildPhase section */

/* Begin PBXGroup section */
		8174178A2024098F002423D3 = {
			isa = PBXGroup;
			children = (
				817417952024098F002423D3 /* JLScreenRecordDemo */,
				817417942024098F002423D3 /* Products */,
			);
			sourceTree = "<group>";
		};
		817417942024098F002423D3 /* Products */ = {
			isa = PBXGroup;
			children = (
				817417932024098F002423D3 /* JLScreenRecordDemo.app */,
			);
			name = Products;
			sourceTree = "<group>";
		};
		817417952024098F002423D3 /* JLScreenRecordDemo */ = {
			isa = PBXGroup;
			children = (
				817417AC20240E72002423D3 /* JLScreenRecordKit */,
				817417962024098F002423D3 /* AppDelegate.h */,
				817417972024098F002423D3 /* AppDelegate.m */,
				817417992024098F002423D3 /* ViewController.h */,
				8174179A2024098F002423D3 /* ViewController.m */,
				817417BD2024128C002423D3 /* HiARCapture.h */,
				817417BE2024128D002423D3 /* HiARCapture.m */,
				817417C120241BD1002423D3 /* UIView+UIView___Extension.h */,
				817417C020241BD1002423D3 /* UIView+UIView___Extension.m */,
				817417CD20244A97002423D3 /* AGLKVertexAttribArrayBuffer.h */,
				817417D020244A98002423D3 /* AGLKVertexAttribArrayBuffer.m */,
				817417D220244A98002423D3 /* fragment.fsh */,
				817417D120244A98002423D3 /* glViewController.h */,
				817417CE20244A98002423D3 /* glViewController.m */,
				817417CF20244A98002423D3 /* vertex.vsh */,
				8174179C2024098F002423D3 /* Main.storyboard */,
				8174179F2024098F002423D3 /* Assets.xcassets */,
				817417A12024098F002423D3 /* LaunchScreen.storyboard */,
				817417A42024098F002423D3 /* Info.plist */,
				817417A52024098F002423D3 /* main.m */,
				817417D720245123002423D3 /* README.md */,
			);
			path = JLScreenRecordDemo;
			sourceTree = "<group>";
		};
		817417AC20240E72002423D3 /* JLScreenRecordKit */ = {
			isa = PBXGroup;
			children = (
				817417B620240FA1002423D3 /* OpenGLView.h */,
				817417B720240FA1002423D3 /* OpenGLView.m */,
				817417B220240F91002423D3 /* JLAudioRecord.h */,
				817417B120240F90002423D3 /* JLAudioRecord.m */,
				817417B020240F90002423D3 /* JLCaptureUtilities.h */,
				817417AD20240F90002423D3 /* JLCaptureUtilities.m */,
				817417AF20240F90002423D3 /* JLScreenRecorder.h */,
				817417AE20240F90002423D3 /* JLScreenRecorder.m */,
				81136DAD20247FAB001B203C /* JLRecorderManager.h */,
				81136DAE20247FAB001B203C /* JLRecorderManager.m */,
			);
			path = JLScreenRecordKit;
			sourceTree = "<group>";
		};
/* End PBXGroup section */

/* Begin PBXNativeTarget section */
		817417922024098F002423D3 /* JLScreenRecordDemo */ = {
			isa = PBXNativeTarget;
			buildConfigurationList = 817417A92024098F002423D3 /* Build configuration list for PBXNativeTarget "JLScreenRecordDemo" */;
			buildPhases = (
				8174178F2024098F002423D3 /* Sources */,
				817417902024098F002423D3 /* Frameworks */,
				817417912024098F002423D3 /* Resources */,
			);
			buildRules = (
			);
			dependencies = (
			);
			name = JLScreenRecordDemo;
			productName = JLScreenRecordDemo;
			productReference = 817417932024098F002423D3 /* JLScreenRecordDemo.app */;
			productType = "com.apple.product-type.application";
		};
/* End PBXNativeTarget section */

/* Begin PBXProject section */
		8174178B2024098F002423D3 /* Project object */ = {
			isa = PBXProject;
			attributes = {
				LastUpgradeCheck = 0920;
				ORGANIZATIONNAME = hiscene;
				TargetAttributes = {
					817417922024098F002423D3 = {
						CreatedOnToolsVersion = 9.2;
						ProvisioningStyle = Automatic;
					};
				};
			};
			buildConfigurationList = 8174178E2024098F002423D3 /* Build configuration list for PBXProject "JLScreenRecordDemo" */;
			compatibilityVersion = "Xcode 8.0";
			developmentRegion = en;
			hasScannedForEncodings = 0;
			knownRegions = (
				en,
				Base,
			);
			mainGroup = 8174178A2024098F002423D3;
			productRefGroup = 817417942024098F002423D3 /* Products */;
			projectDirPath = "";
			projectRoot = "";
			targets = (
				817417922024098F002423D3 /* JLScreenRecordDemo */,
			);
		};
/* End PBXProject section */

/* Begin PBXResourcesBuildPhase section */
		817417912024098F002423D3 /* Resources */ = {
			isa = PBXResourcesBuildPhase;
			buildActionMask = 2147483647;
			files = (
				817417D820245124002423D3 /* README.md in Resources */,
				817417A32024098F002423D3 /* LaunchScreen.storyboard in Resources */,
				817417A02024098F002423D3 /* Assets.xcassets in Resources */,
				8174179E2024098F002423D3 /* Main.storyboard in Resources */,
				817417D620244A99002423D3 /* fragment.fsh in Resources */,
				817417D420244A99002423D3 /* vertex.vsh in Resources */,
			);
			runOnlyForDeploymentPostprocessing = 0;
		};
/* End PBXResourcesBuildPhase section */

/* Begin PBXSourcesBuildPhase section */
		8174178F2024098F002423D3 /* Sources */ = {
			isa = PBXSourcesBuildPhase;
			buildActionMask = 2147483647;
			files = (
				817417BF2024128D002423D3 /* HiARCapture.m in Sources */,
				81136DAF20247FAB001B203C /* JLRecorderManager.m in Sources */,
				817417D520244A99002423D3 /* AGLKVertexAttribArrayBuffer.m in Sources */,
				817417D320244A99002423D3 /* glViewController.m in Sources */,
				8174179B2024098F002423D3 /* ViewController.m in Sources */,
				817417B320240F91002423D3 /* JLCaptureUtilities.m in Sources */,
				817417A62024098F002423D3 /* main.m in Sources */,
				817417B420240F91002423D3 /* JLScreenRecorder.m in Sources */,
				817417982024098F002423D3 /* AppDelegate.m in Sources */,
				817417B820240FA1002423D3 /* OpenGLView.m in Sources */,
				817417C220241BD1002423D3 /* UIView+UIView___Extension.m in Sources */,
				817417B520240F91002423D3 /* JLAudioRecord.m in Sources */,
			);
			runOnlyForDeploymentPostprocessing = 0;
		};
/* End PBXSourcesBuildPhase section */

/* Begin PBXVariantGroup section */
		8174179C2024098F002423D3 /* Main.storyboard */ = {
			isa = PBXVariantGroup;
			children = (
				8174179D2024098F002423D3 /* Base */,
			);
			name = Main.storyboard;
			sourceTree = "<group>";
		};
		817417A12024098F002423D3 /* LaunchScreen.storyboard */ = {
			isa = PBXVariantGroup;
			children = (
				817417A22024098F002423D3 /* Base */,
			);
			name = LaunchScreen.storyboard;
			sourceTree = "<group>";
		};
/* End PBXVariantGroup section */

/* Begin XCBuildConfiguration section */
		817417A72024098F002423D3 /* Debug */ = {
			isa = XCBuildConfiguration;
			buildSettings = {
				ALWAYS_SEARCH_USER_PATHS = NO;
				CLANG_ANALYZER_NONNULL = YES;
				CLANG_ANALYZER_NUMBER_OBJECT_CONVERSION = YES_AGGRESSIVE;
				CLANG_CXX_LANGUAGE_STANDARD = "gnu++14";
				CLANG_CXX_LIBRARY = "libc++";
				CLANG_ENABLE_MODULES = YES;
				CLANG_ENABLE_OBJC_ARC = YES;
				CLANG_WARN_BLOCK_CAPTURE_AUTORELEASING = YES;
				CLANG_WARN_BOOL_CONVERSION = YES;
				CLANG_WARN_COMMA = YES;
				CLANG_WARN_CONSTANT_CONVERSION = YES;
				CLANG_WARN_DIRECT_OBJC_ISA_USAGE = YES_ERROR;
				CLANG_WARN_DOCUMENTATION_COMMENTS = YES;
				CLANG_WARN_EMPTY_BODY = YES;
				CLANG_WARN_ENUM_CONVERSION = YES;
				CLANG_WARN_INFINITE_RECURSION = YES;
				CLANG_WARN_INT_CONVERSION = YES;
				CLANG_WARN_NON_LITERAL_NULL_CONVERSION = YES;
				CLANG_WARN_OBJC_LITERAL_CONVERSION = YES;
				CLANG_WARN_OBJC_ROOT_CLASS = YES_ERROR;
				CLANG_WARN_RANGE_LOOP_ANALYSIS = YES;
				CLANG_WARN_STRICT_PROTOTYPES = YES;
				CLANG_WARN_SUSPICIOUS_MOVE = YES;
				CLANG_WARN_UNGUARDED_AVAILABILITY = YES_AGGRESSIVE;
				CLANG_WARN_UNREACHABLE_CODE = YES;
				CLANG_WARN__DUPLICATE_METHOD_MATCH = YES;
				CODE_SIGN_IDENTITY = "iPhone Developer";
				COPY_PHASE_STRIP = NO;
				DEBUG_INFORMATION_FORMAT = dwarf;
				ENABLE_STRICT_OBJC_MSGSEND = YES;
				ENABLE_TESTABILITY = YES;
				GCC_C_LANGUAGE_STANDARD = gnu11;
				GCC_DYNAMIC_NO_PIC = NO;
				GCC_NO_COMMON_BLOCKS = YES;
				GCC_OPTIMIZATION_LEVEL = 0;
				GCC_PREPROCESSOR_DEFINITIONS = (
					"DEBUG=1",
					"$(inherited)",
				);
				GCC_WARN_64_TO_32_BIT_CONVERSION = YES;
				GCC_WARN_ABOUT_RETURN_TYPE = YES_ERROR;
				GCC_WARN_UNDECLARED_SELECTOR = YES;
				GCC_WARN_UNINITIALIZED_AUTOS = YES_AGGRESSIVE;
				GCC_WARN_UNUSED_FUNCTION = YES;
				GCC_WARN_UNUSED_VARIABLE = YES;
				IPHONEOS_DEPLOYMENT_TARGET = 11.2;
				MTL_ENABLE_DEBUG_INFO = YES;
				ONLY_ACTIVE_ARCH = YES;
				SDKROOT = iphoneos;
			};
			name = Debug;
		};
		817417A82024098F002423D3 /* Release */ = {
			isa = XCBuildConfiguration;
			buildSettings = {
				ALWAYS_SEARCH_USER_PATHS = NO;
				CLANG_ANALYZER_NONNULL = YES;
				CLANG_ANALYZER_NUMBER_OBJECT_CONVERSION = YES_AGGRESSIVE;
				CLANG_CXX_LANGUAGE_STANDARD = "gnu++14";
				CLANG_CXX_LIBRARY = "libc++";
				CLANG_ENABLE_MODULES = YES;
				CLANG_ENABLE_OBJC_ARC = YES;
				CLANG_WARN_BLOCK_CAPTURE_AUTORELEASING = YES;
				CLANG_WARN_BOOL_CONVERSION = YES;
				CLANG_WARN_COMMA = YES;
				CLANG_WARN_CONSTANT_CONVERSION = YES;
				CLANG_WARN_DIRECT_OBJC_ISA_USAGE = YES_ERROR;
				CLANG_WARN_DOCUMENTATION_COMMENTS = YES;
				CLANG_WARN_EMPTY_BODY = YES;
				CLANG_WARN_ENUM_CONVERSION = YES;
				CLANG_WARN_INFINITE_RECURSION = YES;
				CLANG_WARN_INT_CONVERSION = YES;
				CLANG_WARN_NON_LITERAL_NULL_CONVERSION = YES;
				CLANG_WARN_OBJC_LITERAL_CONVERSION = YES;
				CLANG_WARN_OBJC_ROOT_CLASS = YES_ERROR;
				CLANG_WARN_RANGE_LOOP_ANALYSIS = YES;
				CLANG_WARN_STRICT_PROTOTYPES = YES;
				CLANG_WARN_SUSPICIOUS_MOVE = YES;
				CLANG_WARN_UNGUARDED_AVAILABILITY = YES_AGGRESSIVE;
				CLANG_WARN_UNREACHABLE_CODE = YES;
				CLANG_WARN__DUPLICATE_METHOD_MATCH = YES;
				CODE_SIGN_IDENTITY = "iPhone Developer";
				COPY_PHASE_STRIP = NO;
				DEBUG_INFORMATION_FORMAT = "dwarf-with-dsym";
				ENABLE_NS_ASSERTIONS = NO;
				ENABLE_STRICT_OBJC_MSGSEND = YES;
				GCC_C_LANGUAGE_STANDARD = gnu11;
				GCC_NO_COMMON_BLOCKS = YES;
				GCC_WARN_64_TO_32_BIT_CONVERSION = YES;
				GCC_WARN_ABOUT_RETURN_TYPE = YES_ERROR;
				GCC_WARN_UNDECLARED_SELECTOR = YES;
				GCC_WARN_UNINITIALIZED_AUTOS = YES_AGGRESSIVE;
				GCC_WARN_UNUSED_FUNCTION = YES;
				GCC_WARN_UNUSED_VARIABLE = YES;
				IPHONEOS_DEPLOYMENT_TARGET = 11.2;
				MTL_ENABLE_DEBUG_INFO = NO;
				SDKROOT = iphoneos;
				VALIDATE_PRODUCT = YES;
			};
			name = Release;
		};
		817417AA2024098F002423D3 /* Debug */ = {
			isa = XCBuildConfiguration;
			buildSettings = {
				ASSETCATALOG_COMPILER_APPICON_NAME = AppIcon;
				CODE_SIGN_STYLE = Automatic;
				DEVELOPMENT_TEAM = 9Q2JNSZV5H;
				INFOPLIST_FILE = JLScreenRecordDemo/Info.plist;
				IPHONEOS_DEPLOYMENT_TARGET = 8;
				LD_RUNPATH_SEARCH_PATHS = "$(inherited) @executable_path/Frameworks";
				PRODUCT_BUNDLE_IDENTIFIER = hiscene.JLScreenRecordDemo;
				PRODUCT_NAME = "$(TARGET_NAME)";
				TARGETED_DEVICE_FAMILY = "1,2";
			};
			name = Debug;
		};
		817417AB2024098F002423D3 /* Release */ = {
			isa = XCBuildConfiguration;
			buildSettings = {
				ASSETCATALOG_COMPILER_APPICON_NAME = AppIcon;
				CODE_SIGN_STYLE = Automatic;
				DEVELOPMENT_TEAM = 9Q2JNSZV5H;
				INFOPLIST_FILE = JLScreenRecordDemo/Info.plist;
				IPHONEOS_DEPLOYMENT_TARGET = 8;
				LD_RUNPATH_SEARCH_PATHS = "$(inherited) @executable_path/Frameworks";
				PRODUCT_BUNDLE_IDENTIFIER = hiscene.JLScreenRecordDemo;
				PRODUCT_NAME = "$(TARGET_NAME)";
				TARGETED_DEVICE_FAMILY = "1,2";
			};
			name = Release;
		};
/* End XCBuildConfiguration section */

/* Begin XCConfigurationList section */
		8174178E2024098F002423D3 /* Build configuration list for PBXProject "JLScreenRecordDemo" */ = {
			isa = XCConfigurationList;
			buildConfigurations = (
				817417A72024098F002423D3 /* Debug */,
				817417A82024098F002423D3 /* Release */,
			);
			defaultConfigurationIsVisible = 0;
			defaultConfigurationName = Release;
		};
		817417A92024098F002423D3 /* Build configuration list for PBXNativeTarget "JLScreenRecordDemo" */ = {
			isa = XCConfigurationList;
			buildConfigurations = (
				817417AA2024098F002423D3 /* Debug */,
				817417AB2024098F002423D3 /* Release */,
			);
			defaultConfigurationIsVisible = 0;
			defaultConfigurationName = Release;
		};
/* End XCConfigurationList section */
	};
	rootObject = 8174178B2024098F002423D3 /* Project object */;
}
